
Microsoft Visual Studio Solution File, Format Version 12.00
# Visual Studio 2012
Project("{FAE04EC0-301F-11D3-BF4B-00C04F79EFBC}") = "Flip.Common.Core", "Flip.Common.Core.csproj", "{52AB4DA0-6DDC-41D2-887D-C1A7CAEB8CDD}"
EndProject
Project("{FAE04EC0-301F-11D3-BF4B-00C04F79EFBC}") = "Flip.Common.Web", "..\Flip.Common.Web\Flip.Common.Web.csproj", "{B3251868-3CF1-427C-9139-DC690AF7C7FE}"
EndProject
Global
	GlobalSection(SolutionConfigurationPlatforms) = preSolution
		Debug|Any CPU = Debug|Any CPU
		Release|Any CPU = Release|Any CPU
	EndGlobalSection
	GlobalSection(ProjectConfigurationPlatforms) = postSolution
		{52AB4DA0-6DDC-41D2-887D-C1A7CAEB8CDD}.Debug|Any CPU.ActiveCfg = Debug|Any CPU
		{52AB4DA0-6DDC-41D2-887D-C1A7CAEB8CDD}.Debug|Any CPU.Build.0 = Debug|Any CPU
		{52AB4DA0-6DDC-41D2-887D-C1A7CAEB8CDD}.Release|Any CPU.ActiveCfg = Release|Any CPU
		{52AB4DA0-6DDC-41D2-887D-C1A7CAEB8CDD}.Release|Any CPU.Build.0 = Release|Any CPU
		{B3251868-3CF1-427C-9139-DC690AF7C7FE}.Debug|Any CPU.ActiveCfg = Debug|Any CPU
		{B3251868-3CF1-427C-9139-DC690AF7C7FE}.Debug|Any CPU.Build.0 = Debug|Any CPU
		{B3251868-3CF1-427C-9139-DC690AF7C7FE}.Release|Any CPU.ActiveCfg = Release|Any CPU
		{B3251868-3CF1-427C-9139-DC690AF7C7FE}.Release|Any CPU.Build.0 = Release|Any CPU
	EndGlobalSection
	GlobalSection(SolutionProperties) = preSolution
		HideSolutionNode = FALSE
	EndGlobalSection
EndGlobal
